
Microsoft Visual Studio Solution File, Format Version 12.00
Project("{FAE04EC0-301F-11D3-BF4B-00C04F79EFBC}") = "SecureApiKeys", "SecureApiKeys\SecureApiKeys.csproj", "{192F0CA9-C229-4AC2-B345-22B76C461F0B}"
EndProject
Project("{FAE04EC0-301F-11D3-BF4B-00C04F79EFBC}") = "tests", "tests\tests.csproj", "{ABAA86FA-4695-4A46-B880-F0278EA1CF95}"
EndProject
Global
	GlobalSection(SolutionConfigurationPlatforms) = preSolution
		Debug|Any CPU = Debug|Any CPU
		Release|Any CPU = Release|Any CPU
	EndGlobalSection
	GlobalSection(ProjectConfigurationPlatforms) = postSolution
		{192F0CA9-C229-4AC2-B345-22B76C461F0B}.Debug|Any CPU.ActiveCfg = Debug|Any CPU
		{192F0CA9-C229-4AC2-B345-22B76C461F0B}.Debug|Any CPU.Build.0 = Debug|Any CPU
		{192F0CA9-C229-4AC2-B345-22B76C461F0B}.Release|Any CPU.ActiveCfg = Release|Any CPU
		{192F0CA9-C229-4AC2-B345-22B76C461F0B}.Release|Any CPU.Build.0 = Release|Any CPU
		{ABAA86FA-4695-4A46-B880-F0278EA1CF95}.Debug|Any CPU.ActiveCfg = Debug|Any CPU
		{ABAA86FA-4695-4A46-B880-F0278EA1CF95}.Debug|Any CPU.Build.0 = Debug|Any CPU
		{ABAA86FA-4695-4A46-B880-F0278EA1CF95}.Release|Any CPU.ActiveCfg = Release|Any CPU
		{ABAA86FA-4695-4A46-B880-F0278EA1CF95}.Release|Any CPU.Build.0 = Release|Any CPU
	EndGlobalSection
EndGlobal
